
Microsoft Visual Studio Solution File, Format Version 12.00
# Visual Studio Version 16
VisualStudioVersion = 16.0.33027.164
MinimumVisualStudioVersion = 10.0.40219.1
Project("{FAE04EC0-301F-11D3-BF4B-00C04F79EFBC}") = "AdventOfCode2022", "AdventOfCode2022.csproj", "{45FEC762-8287-43B8-9DAD-F6DC15391B6E}"
EndProject
Global
	GlobalSection(SolutionConfigurationPlatforms) = preSolution
		Debug|Any CPU = Debug|Any CPU
		Release|Any CPU = Release|Any CPU
	EndGlobalSection
	GlobalSection(ProjectConfigurationPlatforms) = postSolution
		{45FEC762-8287-43B8-9DAD-F6DC15391B6E}.Debug|Any CPU.ActiveCfg = Debug|Any CPU
		{45FEC762-8287-43B8-9DAD-F6DC15391B6E}.Debug|Any CPU.Build.0 = Debug|Any CPU
		{45FEC762-8287-43B8-9DAD-F6DC15391B6E}.Release|Any CPU.ActiveCfg = Release|Any CPU
		{45FEC762-8287-43B8-9DAD-F6DC15391B6E}.Release|Any CPU.Build.0 = Release|Any CPU
	EndGlobalSection
	GlobalSection(SolutionProperties) = preSolution
		HideSolutionNode = FALSE
	EndGlobalSection
	GlobalSection(ExtensibilityGlobals) = postSolution
		SolutionGuid = {C79388B4-27A2-4E21-AA77-E09EF8A7FF49}
	EndGlobalSection
EndGlobal
